<?xml version="1.0" encoding="utf-8"?>
<Project ToolsVersion="4.0" xmlns="http://schemas.microsoft.com/developer/msbuild/2003">
  <ItemGroup>
    <Filter Include="ソース ファイル">
      <UniqueIdentifier>{4FC737F1-C7A5-4376-A066-2A32D752A2FF}</UniqueIdentifier>
      <Extensions>cpp;c;cc;cxx;def;odl;idl;hpj;bat;asm;asmx</Extensions>
    </Filter>
    <Filter Include="ソース ファイル\DirectX">
      <UniqueIdentifier>{52f0c398-6f3f-4b31-b5cc-e233c9e88ef7}</UniqueIdentifier>
    </Filter>
    <Filter Include="ソース ファイル\DirectX\Audio">
      <UniqueIdentifier>{ef6c1482-062f-4322-9fcc-b2e3428f622b}</UniqueIdentifier>
    </Filter>
    <Filter Include="ソース ファイル\DirectX\Common">
      <UniqueIdentifier>{70abbe97-f257-4516-a246-4520f2aa5df1}</UniqueIdentifier>
    </Filter>
    <Filter Include="ソース ファイル\DirectX\Graphics">
      <UniqueIdentifier>{86b1a02f-171a-4313-8ea4-b1d137632ed2}</UniqueIdentifier>
    </Filter>
    <Filter Include="ソース ファイル\DirectX\Input">
      <UniqueIdentifier>{311b8efe-1118-41e1-be90-e82c07c16b41}</UniqueIdentifier>
    </Filter>
    <Filter Include="ソース ファイル\DirectX\Show">
      <UniqueIdentifier>{b1a37f2b-2160-44c2-be78-3f6ef179cd1a}</UniqueIdentifier>
    </Filter>
    <Filter Include="ソース ファイル\ゲームシーン">
      <UniqueIdentifier>{15c9d5d7-c2af-4195-8cd6-0e0f99f392f0}</UniqueIdentifier>
    </Filter>
    <Filter Include="ソース ファイル\フレームワーク">
      <UniqueIdentifier>{4b856f3c-6e54-405b-a5c4-f306675c5835}</UniqueIdentifier>
    </Filter>
    <Filter Include="ヘッダー ファイル">
      <UniqueIdentifier>{93995380-89BD-4b04-88EB-625FBE52EBFB}</UniqueIdentifier>
      <Extensions>h;hpp;hxx;hm;inl;inc;xsd</Extensions>
    </Filter>
    <Filter Include="ヘッダー ファイル\DirectX">
      <UniqueIdentifier>{309e4c22-f1c8-48c2-ba98-218f885e8cf2}</UniqueIdentifier>
    </Filter>
    <Filter Include="ヘッダー ファイル\DirectX\Audio">
      <UniqueIdentifier>{a69b93cd-e4ad-43a8-8c16-15fab3005fde}</UniqueIdentifier>
    </Filter>
    <Filter Include="ヘッダー ファイル\DirectX\Common">
      <UniqueIdentifier>{1a9582f4-adcb-4714-a6bd-bf359c99d30e}</UniqueIdentifier>
    </Filter>
    <Filter Include="ヘッダー ファイル\DirectX\Graphics">
      <UniqueIdentifier>{f83da895-b0a8-4b2e-ba86-4c2de89b8218}</UniqueIdentifier>
    </Filter>
    <Filter Include="ヘッダー ファイル\DirectX\Input">
      <UniqueIdentifier>{05d177a6-de44-40ee-98a2-bdbc5aeb6a91}</UniqueIdentifier>
    </Filter>
    <Filter Include="ヘッダー ファイル\DirectX\Show">
      <UniqueIdentifier>{490af31d-88aa-47be-960f-9426abdfd81a}</UniqueIdentifier>
    </Filter>
    <Filter Include="ヘッダー ファイル\ゲームシーン">
      <UniqueIdentifier>{5190455d-4fa0-44f3-bf2c-96cf15be6aa7}</UniqueIdentifier>
    </Filter>
    <Filter Include="ヘッダー ファイル\フレームワーク">
      <UniqueIdentifier>{f8bf343e-4c0d-4f10-9354-67c485e74db3}</UniqueIdentifier>
    </Filter>
    <Filter Include="リソース ファイル">
      <UniqueIdentifier>{67DA6AB6-F800-4c08-8B7A-83BB121AAD01}</UniqueIdentifier>
      <Extensions>rc;ico;cur;bmp;dlg;rc2;rct;bin;rgs;gif;jpg;jpeg;jpe;resx;tiff;tif;png;wav</Extensions>
    </Filter>
    <Filter Include="ソース ファイル\拡張">
      <UniqueIdentifier>{7b2c0be1-4daf-4f01-85d7-16a261339968}</UniqueIdentifier>
    </Filter>
    <Filter Include="ソース ファイル\拡張\Kinect">
      <UniqueIdentifier>{c8cec09d-182a-4a59-973a-25f56df6e18b}</UniqueIdentifier>
    </Filter>
    <Filter Include="ソース ファイル\拡張\OpenGL">
      <UniqueIdentifier>{21521b09-ae8c-4af3-83b0-0699fef2b15b}</UniqueIdentifier>
    </Filter>
    <Filter Include="ヘッダー ファイル\拡張">
      <UniqueIdentifier>{acdfa95c-02c0-41fc-9b5f-c94047e36cf5}</UniqueIdentifier>
    </Filter>
    <Filter Include="ヘッダー ファイル\拡張\Kinect">
      <UniqueIdentifier>{5ec64b80-94b7-4b21-a7e9-0babd026cda0}</UniqueIdentifier>
    </Filter>
    <Filter Include="ヘッダー ファイル\拡張\OpenGL">
      <UniqueIdentifier>{7daef5a6-8766-44dd-b454-4ff115ba6483}</UniqueIdentifier>
    </Filter>
    <Filter Include="ソース ファイル\拡張\Squirrel">
      <UniqueIdentifier>{a56198a4-05d8-4cae-8b97-7e578be534d1}</UniqueIdentifier>
    </Filter>
    <Filter Include="ヘッダー ファイル\拡張\Squirrel">
      <UniqueIdentifier>{1e6b27fe-fe8a-45fb-8d59-d64e486c6be4}</UniqueIdentifier>
    </Filter>
    <Filter Include="ソース ファイル\拡張\Effekseer">
      <UniqueIdentifier>{d39ca619-d052-4071-b6a8-710f8d7189dc}</UniqueIdentifier>
    </Filter>
    <Filter Include="ヘッダー ファイル\拡張\Effekseer">
      <UniqueIdentifier>{2f483e75-868d-4c12-b5ed-586cc91441fd}</UniqueIdentifier>
    </Filter>
    <Filter Include="ソース ファイル\拡張\DirectX11">
      <UniqueIdentifier>{067e07fb-f669-4dba-97a6-10386fc6493c}</UniqueIdentifier>
    </Filter>
    <Filter Include="ヘッダー ファイル\拡張\DirectX11">
      <UniqueIdentifier>{c5555203-f981-4c98-bade-f252465d8b6a}</UniqueIdentifier>
    </Filter>
    <Filter Include="ヘッダー ファイル\拡張\Live2D">
      <UniqueIdentifier>{7203ca12-6c76-4701-9818-60570d85ceba}</UniqueIdentifier>
    </Filter>
    <Filter Include="ソース ファイル\拡張\Live2D">
      <UniqueIdentifier>{9259a97e-29ed-438f-a5f2-8b14eed6a46a}</UniqueIdentifier>
    </Filter>
    <Filter Include="ソース ファイル\拡張\Direct2D">
      <UniqueIdentifier>{38fde810-b5a9-40ee-b8ab-dcce25e1071f}</UniqueIdentifier>
    </Filter>
    <Filter Include="ヘッダー ファイル\拡張\Direct2D">
      <UniqueIdentifier>{7d148ef6-f14c-46ff-82f0-5e90761952d6}</UniqueIdentifier>
    </Filter>
    <Filter Include="変換用アセット">
      <UniqueIdentifier>{82621faf-8306-44c1-bdbf-bfdd763ca17c}</UniqueIdentifier>
    </Filter>
    <Filter Include="ソース ファイル\MyMakeClasses">
      <UniqueIdentifier>{8339fefc-ab0c-4f38-a5ad-dafdbf34cbac}</UniqueIdentifier>
    </Filter>
    <Filter Include="ヘッダー ファイル\MyMakeClasses">
      <UniqueIdentifier>{252c1ecb-d56a-42b8-8b7e-cc77590b639d}</UniqueIdentifier>
    </Filter>
    <Filter Include="ヘッダー ファイル\MyMakeClasses\Bombs">
      <UniqueIdentifier>{4663f6df-fc98-45e9-85ae-1adf5dea6770}</UniqueIdentifier>
    </Filter>
    <Filter Include="ソース ファイル\MyMakeClasses\Bombs">
      <UniqueIdentifier>{3e7c9eb2-d9f4-43e8-ba55-cac12ed0b0e9}</UniqueIdentifier>
    </Filter>
    <Filter Include="ソース ファイル\MyMakeClasses\Result">
      <UniqueIdentifier>{c073efac-9c86-40fb-ad4f-1f6b53c86444}</UniqueIdentifier>
    </Filter>
    <Filter Include="ヘッダー ファイル\MyMakeClasses\Result">
      <UniqueIdentifier>{72520bdc-9a98-4235-85d6-b2e6c4695d3e}</UniqueIdentifier>
    </Filter>
    <Filter Include="ヘッダー ファイル\MyMakeClasses\Musicselect">
      <UniqueIdentifier>{597d2288-44e9-43cd-a7a6-e38db472d7d9}</UniqueIdentifier>
    </Filter>
    <Filter Include="ヘッダー ファイル\MyMakeClasses\GamePlay">
      <UniqueIdentifier>{6598312b-2790-4a85-92dd-29fcb14eff3a}</UniqueIdentifier>
    </Filter>
    <Filter Include="ソース ファイル\MyMakeClasses\MusicSelect">
      <UniqueIdentifier>{d5c06fca-b1d5-4638-a077-922b20028cdb}</UniqueIdentifier>
    </Filter>
    <Filter Include="ソース ファイル\MyMakeClasses\GamePlay">
      <UniqueIdentifier>{e4fcccd1-1d18-4b02-8d84-7e56c6c6740a}</UniqueIdentifier>
    </Filter>
  </ItemGroup>
  <ItemGroup>
    <ClCompile Include="WinMain.cpp">
      <Filter>ソース ファイル</Filter>
    </ClCompile>
    <ClCompile Include="DirectX\Audio\DXAudio8.cpp">
      <Filter>ソース ファイル\DirectX\Audio</Filter>
    </ClCompile>
    <ClCompile Include="DirectX\Audio\MusicSegment.cpp">
      <Filter>ソース ファイル\DirectX\Audio</Filter>
    </ClCompile>
    <ClCompile Include="DirectX\Audio\Sound3DBuffer.cpp">
      <Filter>ソース ファイル\DirectX\Audio</Filter>
    </ClCompile>
    <ClCompile Include="DirectX\Audio\SoundBuffer.cpp">
      <Filter>ソース ファイル\DirectX\Audio</Filter>
    </ClCompile>
    <ClCompile Include="DirectX\Audio\SoundListener.cpp">
      <Filter>ソース ファイル\DirectX\Audio</Filter>
    </ClCompile>
    <ClCompile Include="DirectX\Common\ComLibrary.cpp">
      <Filter>ソース ファイル\DirectX\Common</Filter>
    </ClCompile>
    <ClCompile Include="DirectX\Graphics\AnimationModel.cpp">
      <Filter>ソース ファイル\DirectX\Graphics</Filter>
    </ClCompile>
    <ClCompile Include="DirectX\Graphics\Camera.cpp">
      <Filter>ソース ファイル\DirectX\Graphics</Filter>
    </ClCompile>
    <ClCompile Include="DirectX\Graphics\DXGFont.cpp">
      <Filter>ソース ファイル\DirectX\Graphics</Filter>
    </ClCompile>
    <ClCompile Include="DirectX\Graphics\DXGraphics9.cpp">
      <Filter>ソース ファイル\DirectX\Graphics</Filter>
    </ClCompile>
    <ClCompile Include="DirectX\Graphics\Effect.cpp">
      <Filter>ソース ファイル\DirectX\Graphics</Filter>
    </ClCompile>
    <ClCompile Include="DirectX\Graphics\Model.cpp">
      <Filter>ソース ファイル\DirectX\Graphics</Filter>
    </ClCompile>
    <ClCompile Include="DirectX\Graphics\RenderTarget.cpp">
      <Filter>ソース ファイル\DirectX\Graphics</Filter>
    </ClCompile>
    <ClCompile Include="DirectX\Graphics\Sprite.cpp">
      <Filter>ソース ファイル\DirectX\Graphics</Filter>
    </ClCompile>
    <ClCompile Include="DirectX\Graphics\Sprite3D.cpp">
      <Filter>ソース ファイル\DirectX\Graphics</Filter>
    </ClCompile>
    <ClCompile Include="DirectX\Graphics\SpriteBatch.cpp">
      <Filter>ソース ファイル\DirectX\Graphics</Filter>
    </ClCompile>
    <ClCompile Include="DirectX\Graphics\StateBlock.cpp">
      <Filter>ソース ファイル\DirectX\Graphics</Filter>
    </ClCompile>
    <ClCompile Include="DirectX\Graphics\VertexBuffer.cpp">
      <Filter>ソース ファイル\DirectX\Graphics</Filter>
    </ClCompile>
    <ClCompile Include="DirectX\Input\DInput8.cpp">
      <Filter>ソース ファイル\DirectX\Input</Filter>
    </ClCompile>
    <ClCompile Include="DirectX\Input\InputDevice.cpp">
      <Filter>ソース ファイル\DirectX\Input</Filter>
    </ClCompile>
    <ClCompile Include="DirectX\Input\InputEffect.cpp">
      <Filter>ソース ファイル\DirectX\Input</Filter>
    </ClCompile>
    <ClCompile Include="DirectX\Show\DShow.cpp">
      <Filter>ソース ファイル\DirectX\Show</Filter>
    </ClCompile>
    <ClCompile Include="DirectX\Show\Media.cpp">
      <Filter>ソース ファイル\DirectX\Show</Filter>
    </ClCompile>
    <ClCompile Include="Framework\FixTimer.cpp">
      <Filter>ソース ファイル\フレームワーク</Filter>
    </ClCompile>
    <ClCompile Include="Framework\GameApp.cpp">
      <Filter>ソース ファイル\フレームワーク</Filter>
    </ClCompile>
    <ClCompile Include="Framework\GameFrameWindow.cpp">
      <Filter>ソース ファイル\フレームワーク</Filter>
    </ClCompile>
    <ClCompile Include="Framework\GameProc.cpp">
      <Filter>ソース ファイル\フレームワーク</Filter>
    </ClCompile>
    <ClCompile Include="Framework\Network.cpp">
      <Filter>ソース ファイル\フレームワーク</Filter>
    </ClCompile>
    <ClCompile Include="Framework\Random.cpp">
      <Filter>ソース ファイル\フレームワーク</Filter>
    </ClCompile>
    <ClCompile Include="Framework\SingleApp.cpp">
      <Filter>ソース ファイル\フレームワーク</Filter>
    </ClCompile>
    <ClCompile Include="Framework\Stream.cpp">
      <Filter>ソース ファイル\フレームワーク</Filter>
    </ClCompile>
    <ClCompile Include="Framework\Thread.cpp">
      <Filter>ソース ファイル\フレームワーク</Filter>
    </ClCompile>
    <ClCompile Include="StdAfx.cpp" />
    <ClCompile Include="Extension\Kinect\Kinect.cpp">
      <Filter>ソース ファイル\拡張\Kinect</Filter>
    </ClCompile>
    <ClCompile Include="Extension\Kinect\NUI.cpp">
      <Filter>ソース ファイル\拡張\Kinect</Filter>
    </ClCompile>
    <ClCompile Include="Extension\OpenGL\OpenGL.cpp">
      <Filter>ソース ファイル\拡張\OpenGL</Filter>
    </ClCompile>
    <ClCompile Include="GameScene\TemplateScene.cpp">
      <Filter>ソース ファイル\ゲームシーン</Filter>
    </ClCompile>
    <ClCompile Include="GameScene\SceneShared.cpp">
      <Filter>ソース ファイル\ゲームシーン</Filter>
    </ClCompile>
    <ClCompile Include="Extension\Squirrel\Squirrel.cpp">
      <Filter>ソース ファイル\拡張\Squirrel</Filter>
    </ClCompile>
    <ClCompile Include="Extension\Squirrel\Script.cpp">
      <Filter>ソース ファイル\拡張\Squirrel</Filter>
    </ClCompile>
    <ClCompile Include="Extension\Effekseer\Effekseer.cpp">
      <Filter>ソース ファイル\拡張\Effekseer</Filter>
    </ClCompile>
    <ClCompile Include="Extension\Effekseer\EffekseerEffect.cpp">
      <Filter>ソース ファイル\拡張\Effekseer</Filter>
    </ClCompile>
    <ClCompile Include="Extension\DirectX11\DXGraphics11.cpp">
      <Filter>ソース ファイル\拡張\DirectX11</Filter>
    </ClCompile>
    <ClCompile Include="Extension\DirectX11\Model11.cpp">
      <Filter>ソース ファイル\拡張\DirectX11</Filter>
    </ClCompile>
    <ClCompile Include="Extension\Live2D\Live2D.cpp">
      <Filter>ソース ファイル\拡張\Live2D</Filter>
    </ClCompile>
    <ClCompile Include="Extension\Direct2D\Direct2D.cpp">
      <Filter>ソース ファイル\拡張\Direct2D</Filter>
    </ClCompile>
    <ClCompile Include="GameScene\MakeScene\SONGPLAY_SCENE.cpp">
      <Filter>ソース ファイル\ゲームシーン</Filter>
    </ClCompile>
    <ClCompile Include="GameScene\MakeScene\RESULT_SCENE.cpp">
      <Filter>ソース ファイル\ゲームシーン</Filter>
    </ClCompile>
    <ClCompile Include="MyMakeClasses\Bombs\UnbelievableBomb.cpp">
      <Filter>ソース ファイル\MyMakeClasses\Bombs</Filter>
    </ClCompile>
    <ClCompile Include="MyMakeClasses\Bombs\JudgeBomb.cpp">
      <Filter>ソース ファイル\MyMakeClasses\Bombs</Filter>
    </ClCompile>
    <ClCompile Include="MyMakeClasses\Bombs\GreatBomb.cpp">
      <Filter>ソース ファイル\MyMakeClasses\Bombs</Filter>
    </ClCompile>
    <ClCompile Include="MyMakeClasses\Bombs\OKBomb.cpp">
      <Filter>ソース ファイル\MyMakeClasses\Bombs</Filter>
    </ClCompile>
    <ClCompile Include="MyMakeClasses\Bombs\MissBomb.cpp">
      <Filter>ソース ファイル\MyMakeClasses\Bombs</Filter>
    </ClCompile>
    <ClCompile Include="MyMakeClasses\Bombs\LongBreakBomb.cpp">
      <Filter>ソース ファイル\MyMakeClasses\Bombs</Filter>
    </ClCompile>
    <ClCompile Include="MyMakeClasses\Bombs\LongBomb.cpp">
      <Filter>ソース ファイル\MyMakeClasses\Bombs</Filter>
    </ClCompile>
    <ClCompile Include="MyMakeClasses\Bombs\FlashBomb.cpp">
      <Filter>ソース ファイル\MyMakeClasses\Bombs</Filter>
    </ClCompile>
    <ClCompile Include="MyMakeClasses\Result\AbstructScoreDisplay.cpp">
      <Filter>ソース ファイル\MyMakeClasses\Result</Filter>
    </ClCompile>
    <ClCompile Include="MyMakeClasses\Result\JudgeDisPlay.cpp">
      <Filter>ソース ファイル\MyMakeClasses\Result</Filter>
    </ClCompile>
    <ClCompile Include="MyMakeClasses\Result\ScoreDisplay.cpp">
      <Filter>ソース ファイル\MyMakeClasses\Result</Filter>
    </ClCompile>
    <ClCompile Include="MyMakeClasses\Result\RankSDisPlay.cpp">
      <Filter>ソース ファイル\MyMakeClasses\Result</Filter>
    </ClCompile>
    <ClCompile Include="MyMakeClasses\Result\ScoresManager.cpp">
      <Filter>ソース ファイル\MyMakeClasses\Result</Filter>
    </ClCompile>
    <ClCompile Include="MyMakeClasses\Result\RankADisplay.cpp">
      <Filter>ソース ファイル\MyMakeClasses\Result</Filter>
    </ClCompile>
    <ClCompile Include="MyMakeClasses\Result\RankBDisplay.cpp">
      <Filter>ソース ファイル\MyMakeClasses\Result</Filter>
    </ClCompile>
    <ClCompile Include="MyMakeClasses\Result\RankCDisplay.cpp">
      <Filter>ソース ファイル\MyMakeClasses\Result</Filter>
    </ClCompile>
    <ClCompile Include="MyMakeClasses\Result\RankDDisplay.cpp">
      <Filter>ソース ファイル\MyMakeClasses\Result</Filter>
    </ClCompile>
    <ClCompile Include="MyMakeClasses\Result\RankFDisPlay.cpp">
      <Filter>ソース ファイル\MyMakeClasses\Result</Filter>
    </ClCompile>
    <ClCompile Include="MyMakeClasses\Musicselect\MusicData.cpp">
      <Filter>ソース ファイル\MyMakeClasses\MusicSelect</Filter>
    </ClCompile>
    <ClCompile Include="MyMakeClasses\ABSTRUCT_NOTE.cpp">
      <Filter>ソース ファイル\MyMakeClasses\GamePlay</Filter>
    </ClCompile>
    <ClCompile Include="MyMakeClasses\ClapSound.cpp">
      <Filter>ソース ファイル\MyMakeClasses\GamePlay</Filter>
    </ClCompile>
    <ClCompile Include="MyMakeClasses\CONTROLL.cpp">
      <Filter>ソース ファイル\MyMakeClasses\GamePlay</Filter>
    </ClCompile>
    <ClCompile Include="MyMakeClasses\EffectBomb.cpp">
      <Filter>ソース ファイル\MyMakeClasses\GamePlay</Filter>
    </ClCompile>
    <ClCompile Include="MyMakeClasses\FadeDisplay.cpp">
      <Filter>ソース ファイル\MyMakeClasses\GamePlay</Filter>
    </ClCompile>
    <ClCompile Include="MyMakeClasses\FADER.cpp">
      <Filter>ソース ファイル\MyMakeClasses\GamePlay</Filter>
    </ClCompile>
    <ClCompile Include="MyMakeClasses\GamePlayState.cpp">
      <Filter>ソース ファイル\MyMakeClasses\GamePlay</Filter>
    </ClCompile>
    <ClCompile Include="MyMakeClasses\INSTRUMENT.cpp">
      <Filter>ソース ファイル\MyMakeClasses\GamePlay</Filter>
    </ClCompile>
    <ClCompile Include="MyMakeClasses\JUDGE_DISPLAY.cpp">
      <Filter>ソース ファイル\MyMakeClasses\GamePlay</Filter>
    </ClCompile>
    <ClCompile Include="MyMakeClasses\LONGNOTE.cpp">
      <Filter>ソース ファイル\MyMakeClasses\GamePlay</Filter>
    </ClCompile>
    <ClCompile Include="MyMakeClasses\SINGLENOTE.cpp">
      <Filter>ソース ファイル\MyMakeClasses\GamePlay</Filter>
    </ClCompile>
    <ClCompile Include="MyMakeClasses\UI.cpp">
      <Filter>ソース ファイル\MyMakeClasses\GamePlay</Filter>
    </ClCompile>
    <ClCompile Include="MyMakeClasses\Musicselect\MusicDataManager.cpp">
      <Filter>ソース ファイル\MyMakeClasses\MusicSelect</Filter>
    </ClCompile>
    <ClCompile Include="MyMakeClasses\ImageFont.cpp">
      <Filter>ソース ファイル\MyMakeClasses</Filter>
    </ClCompile>
    <ClCompile Include="MyMakeClasses\Musicselect\SelectSceneState.cpp">
      <Filter>ソース ファイル\MyMakeClasses\MusicSelect</Filter>
    </ClCompile>
    <ClCompile Include="MyMakeClasses\Musicselect\SelectHighSpeed.cpp">
      <Filter>ソース ファイル\MyMakeClasses\MusicSelect</Filter>
    </ClCompile>
    <ClCompile Include="MyMakeClasses\Musicselect\SongPlayState.cpp">
      <Filter>ソース ファイル\MyMakeClasses\MusicSelect</Filter>
    </ClCompile>
    <ClCompile Include="MyMakeClasses\Musicselect\HighSpeedState.cpp">
      <Filter>ソース ファイル\MyMakeClasses\MusicSelect</Filter>
    </ClCompile>
    <ClCompile Include="MyMakeClasses\Musicselect\LevelState.cpp">
      <Filter>ソース ファイル\MyMakeClasses\MusicSelect</Filter>
    </ClCompile>
    <ClCompile Include="MyMakeClasses\Musicselect\Context.cpp">
      <Filter>ソース ファイル\MyMakeClasses\MusicSelect</Filter>
    </ClCompile>
    <ClCompile Include="MyMakeClasses\Musicselect\Difficulty.cpp">
      <Filter>ソース ファイル\MyMakeClasses\MusicSelect</Filter>
    </ClCompile>
    <ClCompile Include="GameScene\MakeScene\TITLE_SCENE.cpp">
      <Filter>ソース ファイル\ゲームシーン</Filter>
    </ClCompile>
    <ClCompile Include="GameScene\MakeScene\THANK_SCENE.cpp">
      <Filter>ソース ファイル\ゲームシーン</Filter>
    </ClCompile>
    <ClCompile Include="MyMakeClasses\GameOverDisplay.cpp">
      <Filter>ソース ファイル\MyMakeClasses\GamePlay</Filter>
    </ClCompile>
    <ClCompile Include="GameScene\MakeScene\MUSICSELECT_SCENE.cpp">
      <Filter>ソース ファイル\ゲームシーン</Filter>
    </ClCompile>
  </ItemGroup>
  <ItemGroup>
    <ClInclude Include="DirectX\Audio\DXAudio8.hpp">
      <Filter>ヘッダー ファイル\DirectX\Audio</Filter>
    </ClInclude>
    <ClInclude Include="DirectX\Audio\MusicSegment.hpp">
      <Filter>ヘッダー ファイル\DirectX\Audio</Filter>
    </ClInclude>
    <ClInclude Include="DirectX\Audio\Sound3DBuffer.hpp">
      <Filter>ヘッダー ファイル\DirectX\Audio</Filter>
    </ClInclude>
    <ClInclude Include="DirectX\Audio\SoundBuffer.hpp">
      <Filter>ヘッダー ファイル\DirectX\Audio</Filter>
    </ClInclude>
    <ClInclude Include="DirectX\Audio\SoundListener.hpp">
      <Filter>ヘッダー ファイル\DirectX\Audio</Filter>
    </ClInclude>
    <ClInclude Include="DirectX\Common\ComLibrary.hpp">
      <Filter>ヘッダー ファイル\DirectX\Common</Filter>
    </ClInclude>
    <ClInclude Include="DirectX\Graphics\AnimationModel.hpp">
      <Filter>ヘッダー ファイル\DirectX\Graphics</Filter>
    </ClInclude>
    <ClInclude Include="DirectX\Graphics\Camera.hpp">
      <Filter>ヘッダー ファイル\DirectX\Graphics</Filter>
    </ClInclude>
    <ClInclude Include="DirectX\Graphics\DXGFont.hpp">
      <Filter>ヘッダー ファイル\DirectX\Graphics</Filter>
    </ClInclude>
    <ClInclude Include="DirectX\Graphics\DXGraphics9.hpp">
      <Filter>ヘッダー ファイル\DirectX\Graphics</Filter>
    </ClInclude>
    <ClInclude Include="DirectX\Graphics\DXGTypes.h">
      <Filter>ヘッダー ファイル\DirectX\Graphics</Filter>
    </ClInclude>
    <ClInclude Include="DirectX\Graphics\Effect.hpp">
      <Filter>ヘッダー ファイル\DirectX\Graphics</Filter>
    </ClInclude>
    <ClInclude Include="DirectX\Graphics\Model.hpp">
      <Filter>ヘッダー ファイル\DirectX\Graphics</Filter>
    </ClInclude>
    <ClInclude Include="DirectX\Graphics\RenderTarget.hpp">
      <Filter>ヘッダー ファイル\DirectX\Graphics</Filter>
    </ClInclude>
    <ClInclude Include="DirectX\Graphics\Sprite.hpp">
      <Filter>ヘッダー ファイル\DirectX\Graphics</Filter>
    </ClInclude>
    <ClInclude Include="DirectX\Graphics\Sprite3D.hpp">
      <Filter>ヘッダー ファイル\DirectX\Graphics</Filter>
    </ClInclude>
    <ClInclude Include="DirectX\Graphics\SpriteBatch.hpp">
      <Filter>ヘッダー ファイル\DirectX\Graphics</Filter>
    </ClInclude>
    <ClInclude Include="DirectX\Graphics\StateBlock.hpp">
      <Filter>ヘッダー ファイル\DirectX\Graphics</Filter>
    </ClInclude>
    <ClInclude Include="DirectX\Graphics\VertexBuffer.hpp">
      <Filter>ヘッダー ファイル\DirectX\Graphics</Filter>
    </ClInclude>
    <ClInclude Include="DirectX\Input\DInput8.hpp">
      <Filter>ヘッダー ファイル\DirectX\Input</Filter>
    </ClInclude>
    <ClInclude Include="DirectX\Input\InputDevice.hpp">
      <Filter>ヘッダー ファイル\DirectX\Input</Filter>
    </ClInclude>
    <ClInclude Include="DirectX\Input\InputEffect.hpp">
      <Filter>ヘッダー ファイル\DirectX\Input</Filter>
    </ClInclude>
    <ClInclude Include="DirectX\Show\DShow.hpp">
      <Filter>ヘッダー ファイル\DirectX\Show</Filter>
    </ClInclude>
    <ClInclude Include="DirectX\Show\Media.hpp">
      <Filter>ヘッダー ファイル\DirectX\Show</Filter>
    </ClInclude>
    <ClInclude Include="GameScene\GameScene.hpp">
      <Filter>ヘッダー ファイル\ゲームシーン</Filter>
    </ClInclude>
    <ClInclude Include="Framework\FixTimer.hpp">
      <Filter>ヘッダー ファイル\フレームワーク</Filter>
    </ClInclude>
    <ClInclude Include="Framework\GameApp.hpp">
      <Filter>ヘッダー ファイル\フレームワーク</Filter>
    </ClInclude>
    <ClInclude Include="Framework\GameFrameWindow.hpp">
      <Filter>ヘッダー ファイル\フレームワーク</Filter>
    </ClInclude>
    <ClInclude Include="Framework\GameProc.hpp">
      <Filter>ヘッダー ファイル\フレームワーク</Filter>
    </ClInclude>
    <ClInclude Include="Framework\GameWindow.hpp">
      <Filter>ヘッダー ファイル\フレームワーク</Filter>
    </ClInclude>
    <ClInclude Include="Framework\Network.hpp">
      <Filter>ヘッダー ファイル\フレームワーク</Filter>
    </ClInclude>
    <ClInclude Include="Framework\Random.hpp">
      <Filter>ヘッダー ファイル\フレームワーク</Filter>
    </ClInclude>
    <ClInclude Include="Framework\SingleApp.hpp">
      <Filter>ヘッダー ファイル\フレームワーク</Filter>
    </ClInclude>
    <ClInclude Include="Framework\Stream.hpp">
      <Filter>ヘッダー ファイル\フレームワーク</Filter>
    </ClInclude>
    <ClInclude Include="Framework\Thread.hpp">
      <Filter>ヘッダー ファイル\フレームワーク</Filter>
    </ClInclude>
    <ClInclude Include="..\Resource\resource.h">
      <Filter>リソース ファイル</Filter>
    </ClInclude>
    <ClInclude Include="StdAfx.h" />
    <ClInclude Include="Extension\OpenGL\OpenGL.hpp">
      <Filter>ヘッダー ファイル\拡張\OpenGL</Filter>
    </ClInclude>
    <ClInclude Include="Extension\Kinect\NUI.hpp">
      <Filter>ヘッダー ファイル\拡張\Kinect</Filter>
    </ClInclude>
    <ClInclude Include="Extension\Kinect\Kinect.hpp">
      <Filter>ヘッダー ファイル\拡張\Kinect</Filter>
    </ClInclude>
    <ClInclude Include="GameScene\SceneShared.hpp">
      <Filter>ヘッダー ファイル\ゲームシーン</Filter>
    </ClInclude>
    <ClInclude Include="GameScene\TemplateScene.hpp">
      <Filter>ヘッダー ファイル\ゲームシーン</Filter>
    </ClInclude>
    <ClInclude Include="ESGLib.h">
      <Filter>ヘッダー ファイル</Filter>
    </ClInclude>
    <ClInclude Include="Extension\Squirrel\Squirrel.hpp">
      <Filter>ヘッダー ファイル\拡張\Squirrel</Filter>
    </ClInclude>
    <ClInclude Include="Extension\Squirrel\Script.hpp">
      <Filter>ヘッダー ファイル\拡張\Squirrel</Filter>
    </ClInclude>
    <ClInclude Include="Extension\Effekseer\Effekseer.hpp">
      <Filter>ヘッダー ファイル\拡張\Effekseer</Filter>
    </ClInclude>
    <ClInclude Include="Extension\Effekseer\EffekseerEffect.hpp">
      <Filter>ヘッダー ファイル\拡張\Effekseer</Filter>
    </ClInclude>
    <ClInclude Include="Extension\DirectX11\DXGraphics11.hpp">
      <Filter>ヘッダー ファイル\拡張\DirectX11</Filter>
    </ClInclude>
    <ClInclude Include="Extension\DirectX11\Model11.hpp">
      <Filter>ヘッダー ファイル\拡張\DirectX11</Filter>
    </ClInclude>
    <ClInclude Include="Extension\Live2D\Live2D.hpp">
      <Filter>ヘッダー ファイル\拡張\Live2D</Filter>
    </ClInclude>
    <ClInclude Include="Extension\Direct2D\Direct2D.hpp">
      <Filter>ヘッダー ファイル\拡張\Direct2D</Filter>
    </ClInclude>
    <ClInclude Include="GameScene\MakeScene\SONGPLAY_SCENE.h">
      <Filter>ヘッダー ファイル\ゲームシーン</Filter>
    </ClInclude>
    <ClInclude Include="GameScene\MakeScene\RESULT_SCENE.hpp">
      <Filter>ヘッダー ファイル\ゲームシーン</Filter>
    </ClInclude>
    <ClInclude Include="MyMakeClasses\Bombs\AbstructBomb.h">
      <Filter>ヘッダー ファイル\MyMakeClasses\Bombs</Filter>
    </ClInclude>
    <ClInclude Include="MyMakeClasses\Bombs\UnbelievableBomb.h">
      <Filter>ヘッダー ファイル\MyMakeClasses\Bombs</Filter>
    </ClInclude>
    <ClInclude Include="MyMakeClasses\Bombs\JudgeBomb.h">
      <Filter>ヘッダー ファイル\MyMakeClasses\Bombs</Filter>
    </ClInclude>
    <ClInclude Include="MyMakeClasses\Bombs\GreatBomb.h">
      <Filter>ヘッダー ファイル\MyMakeClasses\Bombs</Filter>
    </ClInclude>
    <ClInclude Include="MyMakeClasses\Bombs\OKBomb.h">
      <Filter>ヘッダー ファイル\MyMakeClasses\Bombs</Filter>
    </ClInclude>
    <ClInclude Include="MyMakeClasses\Bombs\MissBomb.h">
      <Filter>ヘッダー ファイル\MyMakeClasses\Bombs</Filter>
    </ClInclude>
    <ClInclude Include="MyMakeClasses\Bombs\LongBreakBomb.h">
      <Filter>ヘッダー ファイル\MyMakeClasses\Bombs</Filter>
    </ClInclude>
    <ClInclude Include="MyMakeClasses\Bombs\LongBomb.h">
      <Filter>ヘッダー ファイル\MyMakeClasses\Bombs</Filter>
    </ClInclude>
    <ClInclude Include="MyMakeClasses\Bombs\FlashBomb.h">
      <Filter>ヘッダー ファイル\MyMakeClasses\Bombs</Filter>
    </ClInclude>
    <ClInclude Include="MyMakeClasses\Result\AbstructScoreDisplay.h">
      <Filter>ヘッダー ファイル\MyMakeClasses\Result</Filter>
    </ClInclude>
    <ClInclude Include="MyMakeClasses\Result\JudgeDisplay.h">
      <Filter>ヘッダー ファイル\MyMakeClasses\Result</Filter>
    </ClInclude>
    <ClInclude Include="MyMakeClasses\Result\ScoresManager.h">
      <Filter>ヘッダー ファイル\MyMakeClasses\Result</Filter>
    </ClInclude>
    <ClInclude Include="MyMakeClasses\Result\ScoreDisplay.h">
      <Filter>ヘッダー ファイル\MyMakeClasses\Result</Filter>
    </ClInclude>
    <ClInclude Include="MyMakeClasses\Result\AbstructRankDisplay.h">
      <Filter>ヘッダー ファイル\MyMakeClasses\Result</Filter>
    </ClInclude>
    <ClInclude Include="MyMakeClasses\Result\RankSDisplay.h">
      <Filter>ヘッダー ファイル\MyMakeClasses\Result</Filter>
    </ClInclude>
    <ClInclude Include="MyMakeClasses\Result\RankADisplay.h">
      <Filter>ヘッダー ファイル\MyMakeClasses\Result</Filter>
    </ClInclude>
    <ClInclude Include="MyMakeClasses\Result\RankBDisplay.h">
      <Filter>ヘッダー ファイル\MyMakeClasses\Result</Filter>
    </ClInclude>
    <ClInclude Include="MyMakeClasses\Result\RankCDisplay.h">
      <Filter>ヘッダー ファイル\MyMakeClasses\Result</Filter>
    </ClInclude>
    <ClInclude Include="MyMakeClasses\Result\RankDDisplay.h">
      <Filter>ヘッダー ファイル\MyMakeClasses\Result</Filter>
    </ClInclude>
    <ClInclude Include="MyMakeClasses\Result\RankFDisplay.h">
      <Filter>ヘッダー ファイル\MyMakeClasses\Result</Filter>
    </ClInclude>
    <ClInclude Include="MyMakeClasses\Musicselect\SongData.h">
      <Filter>ヘッダー ファイル\MyMakeClasses\Musicselect</Filter>
    </ClInclude>
    <ClInclude Include="MyMakeClasses\Musicselect\LevelData.h">
      <Filter>ヘッダー ファイル\MyMakeClasses\Musicselect</Filter>
    </ClInclude>
    <ClInclude Include="MyMakeClasses\ABSTRUCT_NOTE.h">
      <Filter>ヘッダー ファイル\MyMakeClasses\GamePlay</Filter>
    </ClInclude>
    <ClInclude Include="MyMakeClasses\BPM_DATA_STRUCT.h">
      <Filter>ヘッダー ファイル\MyMakeClasses\GamePlay</Filter>
    </ClInclude>
    <ClInclude Include="MyMakeClasses\ClapSound.h">
      <Filter>ヘッダー ファイル\MyMakeClasses\GamePlay</Filter>
    </ClInclude>
    <ClInclude Include="MyMakeClasses\CONTROLL.h">
      <Filter>ヘッダー ファイル\MyMakeClasses\GamePlay</Filter>
    </ClInclude>
    <ClInclude Include="MyMakeClasses\EffectBomb.h">
      <Filter>ヘッダー ファイル\MyMakeClasses\GamePlay</Filter>
    </ClInclude>
    <ClInclude Include="MyMakeClasses\FadeDisplay.h">
      <Filter>ヘッダー ファイル\MyMakeClasses\GamePlay</Filter>
    </ClInclude>
    <ClInclude Include="MyMakeClasses\FADER.h">
      <Filter>ヘッダー ファイル\MyMakeClasses\GamePlay</Filter>
    </ClInclude>
    <ClInclude Include="MyMakeClasses\GamePlayState.h">
      <Filter>ヘッダー ファイル\MyMakeClasses\GamePlay</Filter>
    </ClInclude>
    <ClInclude Include="MyMakeClasses\HIGHSPEED.h">
      <Filter>ヘッダー ファイル\MyMakeClasses\GamePlay</Filter>
    </ClInclude>
    <ClInclude Include="MyMakeClasses\ImageFont.h">
      <Filter>ヘッダー ファイル\MyMakeClasses\GamePlay</Filter>
    </ClInclude>
    <ClInclude Include="MyMakeClasses\INSTRUMENT.h">
      <Filter>ヘッダー ファイル\MyMakeClasses\GamePlay</Filter>
    </ClInclude>
    <ClInclude Include="MyMakeClasses\JUDGE_DISPLAY.h">
      <Filter>ヘッダー ファイル\MyMakeClasses\GamePlay</Filter>
    </ClInclude>
    <ClInclude Include="MyMakeClasses\JUDGELIST_ENUM.h">
      <Filter>ヘッダー ファイル\MyMakeClasses\GamePlay</Filter>
    </ClInclude>
    <ClInclude Include="MyMakeClasses\LONGNOTE.h">
      <Filter>ヘッダー ファイル\MyMakeClasses\GamePlay</Filter>
    </ClInclude>
    <ClInclude Include="MyMakeClasses\SINGLENOTE.h">
      <Filter>ヘッダー ファイル\MyMakeClasses\GamePlay</Filter>
    </ClInclude>
    <ClInclude Include="MyMakeClasses\UI.h">
      <Filter>ヘッダー ファイル\MyMakeClasses\GamePlay</Filter>
    </ClInclude>
    <ClInclude Include="MyMakeClasses\Musicselect\MusicData.h">
      <Filter>ヘッダー ファイル\MyMakeClasses\Musicselect</Filter>
    </ClInclude>
    <ClInclude Include="MyMakeClasses\AbstructState.h">
      <Filter>ヘッダー ファイル\MyMakeClasses</Filter>
    </ClInclude>
    <ClInclude Include="MyMakeClasses\Musicselect\MusicDataManager.h">
      <Filter>ヘッダー ファイル\MyMakeClasses\Musicselect</Filter>
    </ClInclude>
    <ClInclude Include="MyMakeClasses\Musicselect\SelectSceneState.h">
      <Filter>ヘッダー ファイル\MyMakeClasses\Musicselect</Filter>
    </ClInclude>
    <ClInclude Include="MyMakeClasses\Musicselect\SelectHighSpeed.h">
      <Filter>ヘッダー ファイル\MyMakeClasses\Musicselect</Filter>
    </ClInclude>
    <ClInclude Include="MyMakeClasses\Musicselect\SongPlayState.h">
      <Filter>ヘッダー ファイル\MyMakeClasses\Musicselect</Filter>
    </ClInclude>
    <ClInclude Include="MyMakeClasses\Musicselect\HighSpeedState.h">
      <Filter>ヘッダー ファイル\MyMakeClasses\Musicselect</Filter>
    </ClInclude>
    <ClInclude Include="MyMakeClasses\Musicselect\LevelState.h">
      <Filter>ヘッダー ファイル\MyMakeClasses\Musicselect</Filter>
    </ClInclude>
    <ClInclude Include="MyMakeClasses\Musicselect\Context.h">
      <Filter>ヘッダー ファイル\MyMakeClasses\Musicselect</Filter>
    </ClInclude>
    <ClInclude Include="MyMakeClasses\Musicselect\Difficulty.h">
      <Filter>ヘッダー ファイル\MyMakeClasses\Musicselect</Filter>
    </ClInclude>
    <ClInclude Include="MyMakeClasses\Musicselect\LevelEnum.h">
      <Filter>ヘッダー ファイル\MyMakeClasses\Musicselect</Filter>
    </ClInclude>
    <ClInclude Include="GameScene\MakeScene\MUSICSELECT_SCENE.hpp">
      <Filter>ヘッダー ファイル\ゲームシーン</Filter>
    </ClInclude>
    <ClInclude Include="GameScene\MakeScene\TITLE_SCENE.hpp">
      <Filter>ヘッダー ファイル\ゲームシーン</Filter>
    </ClInclude>
    <ClInclude Include="GameScene\MakeScene\THANK_SCENE.hpp">
      <Filter>ヘッダー ファイル\ゲームシーン</Filter>
    </ClInclude>
    <ClInclude Include="MyMakeClasses\GameOverDisplay.h">
      <Filter>ヘッダー ファイル\MyMakeClasses\GamePlay</Filter>
    </ClInclude>
  </ItemGroup>
  <ItemGroup>
    <None Include="..\Resource\DirectX.ico">
      <Filter>リソース ファイル</Filter>
    </None>
  </ItemGroup>
  <ItemGroup>
    <ResourceCompile Include="..\Resource\Resource.rc">
      <Filter>リソース ファイル</Filter>
    </ResourceCompile>
  </ItemGroup>
</Project>